
Microsoft Visual Studio Solution File, Format Version 12.00
# Visual Studio Version 17
VisualStudioVersion = 17.14.36811.4 d17.14
MinimumVisualStudioVersion = 10.0.40219.1
Project("{FAE04EC0-301F-11D3-BF4B-00C04F79EFBC}") = "ticTacToe", "ticTacToe\ticTacToe.csproj", "{620D3EDA-9558-49AB-850E-59A64F1DC480}"
EndProject
Global
	GlobalSection(SolutionConfigurationPlatforms) = preSolution
		Debug|Any CPU = Debug|Any CPU
		Release|Any CPU = Release|Any CPU
	EndGlobalSection
	GlobalSection(ProjectConfigurationPlatforms) = postSolution
		{620D3EDA-9558-49AB-850E-59A64F1DC480}.Debug|Any CPU.ActiveCfg = Debug|Any CPU
		{620D3EDA-9558-49AB-850E-59A64F1DC480}.Debug|Any CPU.Build.0 = Debug|Any CPU
		{620D3EDA-9558-49AB-850E-59A64F1DC480}.Release|Any CPU.ActiveCfg = Release|Any CPU
		{620D3EDA-9558-49AB-850E-59A64F1DC480}.Release|Any CPU.Build.0 = Release|Any CPU
	EndGlobalSection
	GlobalSection(SolutionProperties) = preSolution
		HideSolutionNode = FALSE
	EndGlobalSection
	GlobalSection(ExtensibilityGlobals) = postSolution
		SolutionGuid = {49E2191E-CDE7-49E0-8F58-B3AD1D826D5D}
	EndGlobalSection
EndGlobal
